
Microsoft Visual Studio Solution File, Format Version 12.00
# Visual Studio Version 17
VisualStudioVersion = 17.13.35913.81 d17.13
MinimumVisualStudioVersion = 10.0.40219.1
Project("{FAE04EC0-301F-11D3-BF4B-00C04F79EFBC}") = "GI_Clinica", "GI_Clinica.csproj", "{7D766EAC-8AD6-4594-90AB-65DE83DB1890}"
EndProject
Global
	GlobalSection(SolutionConfigurationPlatforms) = preSolution
		Debug|Any CPU = Debug|Any CPU
		Release|Any CPU = Release|Any CPU
	EndGlobalSection
	GlobalSection(ProjectConfigurationPlatforms) = postSolution
		{7D766EAC-8AD6-4594-90AB-65DE83DB1890}.Debug|Any CPU.ActiveCfg = Debug|Any CPU
		{7D766EAC-8AD6-4594-90AB-65DE83DB1890}.Debug|Any CPU.Build.0 = Debug|Any CPU
		{7D766EAC-8AD6-4594-90AB-65DE83DB1890}.Release|Any CPU.ActiveCfg = Release|Any CPU
		{7D766EAC-8AD6-4594-90AB-65DE83DB1890}.Release|Any CPU.Build.0 = Release|Any CPU
	EndGlobalSection
	GlobalSection(SolutionProperties) = preSolution
		HideSolutionNode = FALSE
	EndGlobalSection
	GlobalSection(ExtensibilityGlobals) = postSolution
		SolutionGuid = {ABCB862F-94A7-491F-B5FA-971C3E050EC0}
	EndGlobalSection
EndGlobal
